{
  "version": 4,
  "terraform_version": "1.1.8",
  "serial": 11,
  "lineage": "6b6868e5-8b4d-c13b-05ac-12aef99751e4",
  "outputs": {},
  "resources": [
    {
      "module": "module.iam-account",
      "mode": "data",
      "type": "aws_caller_identity",
      "name": "this",
      "provider": "provider[\"registry.terraform.io/hashicorp/aws\"]",
      "instances": [
        {
          "index_key": 0,
          "schema_version": 0,
          "attributes": {
            "account_id": "350976735039",
            "arn": "arn:aws:iam::350976735039:user/terraforms",
            "id": "350976735039",
            "user_id": "AIDAVDN6X647RM2MBBXDN"
          },
          "sensitive_attributes": []
        }
      ]
    },
    {
      "module": "module.iam-account",
      "mode": "managed",
      "type": "aws_iam_account_alias",
      "name": "this",
      "provider": "provider[\"registry.terraform.io/hashicorp/aws\"]",
      "instances": [
        {
          "schema_version": 0,
          "attributes": {
            "account_alias": "test-accout5252022",
            "id": "test-accout5252022"
          },
          "sensitive_attributes": [],
          "private": "bnVsbA=="
        }
      ]
    },
    {
      "module": "module.iam-account",
      "mode": "managed",
      "type": "aws_iam_account_password_policy",
      "name": "this",
      "provider": "provider[\"registry.terraform.io/hashicorp/aws\"]",
      "instances": [
        {
          "index_key": 0,
          "schema_version": 0,
          "attributes": {
            "allow_users_to_change_password": true,
            "expire_passwords": false,
            "hard_expiry": false,
            "id": "iam-account-password-policy",
            "max_password_age": 0,
            "minimum_password_length": 6,
            "password_reuse_prevention": 0,
            "require_lowercase_characters": true,
            "require_numbers": false,
            "require_symbols": true,
            "require_uppercase_characters": true
          },
          "sensitive_attributes": [],
          "private": "bnVsbA=="
        }
      ]
    },
    {
      "module": "module.iam-policy",
      "mode": "managed",
      "type": "aws_iam_policy",
      "name": "policy",
      "provider": "provider[\"registry.terraform.io/hashicorp/aws\"]",
      "instances": [
        {
          "schema_version": 0,
          "attributes": {
            "arn": "arn:aws:iam::350976735039:policy/example",
            "description": "My example policy",
            "id": "arn:aws:iam::350976735039:policy/example",
            "name": "example",
            "name_prefix": null,
            "path": "/",
            "policy": "{\"Statement\":[{\"Action\":[\"ec2:Describe*\"],\"Effect\":\"Allow\",\"Resource\":\"*\"}],\"Version\":\"2012-10-17\"}",
            "policy_id": "ANPAVDN6X647RB2FL57JN",
            "tags": {
              "PolicyDescription": "Policy created using terraformdoc policy"
            },
            "tags_all": {
              "PolicyDescription": "Policy created using terraformdoc policy"
            }
          },
          "sensitive_attributes": [],
          "private": "bnVsbA=="
        }
      ]
    },
    {
      "module": "module.iam-user",
      "mode": "managed",
      "type": "aws_iam_access_key",
      "name": "lb",
      "provider": "provider[\"registry.terraform.io/hashicorp/aws\"]",
      "instances": [
        {
          "index_key": 0,
          "schema_version": 0,
          "attributes": {
            "create_date": "2022-05-25T09:18:55Z",
            "encrypted_secret": null,
            "encrypted_ses_smtp_password_v4": null,
            "id": "AKIAVDN6X647XTV7FLNW",
            "key_fingerprint": null,
            "pgp_key": null,
            "secret": "MNhuGaeZ6S+Hidhz4yfsUzTnck3rA6lpL7g6wORu",
            "ses_smtp_password_v4": "BGkALygvb4e2Ptn16EpA5a86e11xL4WpQYfLVr6yoE/9",
            "status": "Active",
            "user": "user525220022244"
          },
          "sensitive_attributes": [],
          "private": "bnVsbA==",
          "dependencies": [
            "module.iam-user.aws_iam_user.lb"
          ]
        }
      ]
    },
    {
      "module": "module.iam-user",
      "mode": "managed",
      "type": "aws_iam_user",
      "name": "lb",
      "provider": "provider[\"registry.terraform.io/hashicorp/aws\"]",
      "instances": [
        {
          "schema_version": 0,
          "attributes": {
            "arn": "arn:aws:iam::350976735039:user/system/user525220022244",
            "force_destroy": true,
            "id": "user525220022244",
            "name": "user525220022244",
            "path": "/system/",
            "permissions_boundary": null,
            "tags": {
              "tag-key": "tag-value"
            },
            "tags_all": {
              "tag-key": "tag-value"
            },
            "unique_id": "AIDAVDN6X647Q3XTQBRVD"
          },
          "sensitive_attributes": [],
          "private": "bnVsbA=="
        }
      ]
    },
    {
      "module": "module.iam-user",
      "mode": "managed",
      "type": "aws_iam_user_policy",
      "name": "lb_ro",
      "provider": "provider[\"registry.terraform.io/hashicorp/aws\"]",
      "instances": [
        {
          "schema_version": 0,
          "attributes": {
            "id": "user525220022244:user525220022244",
            "name": "user525220022244",
            "name_prefix": null,
            "policy": "{\r\n  \"Version\": \"2012-10-17\",\r\n  \"Statement\": [\r\n    {\r\n      \"Action\": [\r\n        \"ec2:Describe*\"\r\n      ],\r\n      \"Effect\": \"Allow\",\r\n      \"Resource\": \"*\"\r\n    }\r\n  ]\r\n}\r\n",
            "user": "user525220022244"
          },
          "sensitive_attributes": [],
          "private": "bnVsbA==",
          "dependencies": [
            "module.iam-user.aws_iam_user.lb"
          ]
        }
      ]
    }
  ]
}
